// !$*UTF8*$!
{
	archiveVersion = 1;
	classes = {
	};
	objectVersion = 56;
	objects = {

/* Begin PBXBuildFile section */
		8C374A262C0005FB006D8596 /* Features.swift in Sources */ = {isa = PBXBuildFile; fileRef = 8C374A252C0005FB006D8596 /* Features.swift */; };
		8CB26BDB2C0AAE0A00596198 /* CropViewController in Frameworks */ = {isa = PBXBuildFile; productRef = 8CB26BDA2C0AAE0A00596198 /* CropViewController */; };
		8CB26BDD2C0AAE0A00596198 /* TOCropViewController in Frameworks */ = {isa = PBXBuildFile; productRef = 8CB26BDC2C0AAE0A00596198 /* TOCropViewController */; };
		8CB26BE42C0AAEE300596198 /* CroppedPhotosPickerCroppingStyle.swift in Sources */ = {isa = PBXBuildFile; fileRef = 8CB26BDE2C0AAEE300596198 /* CroppedPhotosPickerCroppingStyle.swift */; };
		8CB26BE52C0AAEE300596198 /* CroppedPhotosPicker.swift in Sources */ = {isa = PBXBuildFile; fileRef = 8CB26BDF2C0AAEE300596198 /* CroppedPhotosPicker.swift */; };
		8CB26BE62C0AAEE300596198 /* PhotosPickerItem+.swift in Sources */ = {isa = PBXBuildFile; fileRef = 8CB26BE02C0AAEE300596198 /* PhotosPickerItem+.swift */; };
		8CB26BE72C0AAEE300596198 /* CropView.swift in Sources */ = {isa = PBXBuildFile; fileRef = 8CB26BE12C0AAEE300596198 /* CropView.swift */; };
		8CB26BE82C0AAEE300596198 /* CropViewController+.swift in Sources */ = {isa = PBXBuildFile; fileRef = 8CB26BE22C0AAEE300596198 /* CropViewController+.swift */; };
		8CB26BE92C0AAEE300596198 /* CroppedPhotosPickerOptions.swift in Sources */ = {isa = PBXBuildFile; fileRef = 8CB26BE32C0AAEE300596198 /* CroppedPhotosPickerOptions.swift */; };
		8CB2927A2C08312B0073A152 /* ContactsView.swift in Sources */ = {isa = PBXBuildFile; fileRef = 8CB292792C08312B0073A152 /* ContactsView.swift */; };
		8CB2927E2C0832880073A152 /* SettingsView.swift in Sources */ = {isa = PBXBuildFile; fileRef = 8CB2927D2C0832880073A152 /* SettingsView.swift */; };
		8CCDFB252BFF1B5B0092DF63 /* ContactForm.swift in Sources */ = {isa = PBXBuildFile; fileRef = 8CCDFB242BFF1B5B0092DF63 /* ContactForm.swift */; };
		8CD8B2662BFD236D00882A4E /* RememberPeopleApp.swift in Sources */ = {isa = PBXBuildFile; fileRef = 8CD8B2652BFD236D00882A4E /* RememberPeopleApp.swift */; };
		8CD8B2682BFD236D00882A4E /* ContentView.swift in Sources */ = {isa = PBXBuildFile; fileRef = 8CD8B2672BFD236D00882A4E /* ContentView.swift */; };
		8CD8B26A2BFD237000882A4E /* Assets.xcassets in Resources */ = {isa = PBXBuildFile; fileRef = 8CD8B2692BFD237000882A4E /* Assets.xcassets */; };
		8CD8B26D2BFD237000882A4E /* Preview Assets.xcassets in Resources */ = {isa = PBXBuildFile; fileRef = 8CD8B26C2BFD237000882A4E /* Preview Assets.xcassets */; };
		8CD8B2752BFD23F600882A4E /* People.xcdatamodeld in Sources */ = {isa = PBXBuildFile; fileRef = 8CD8B2732BFD23F600882A4E /* People.xcdatamodeld */; };
		8CD8B2772BFD241900882A4E /* DataController.swift in Sources */ = {isa = PBXBuildFile; fileRef = 8CD8B2762BFD241900882A4E /* DataController.swift */; };
/* End PBXBuildFile section */

/* Begin PBXFileReference section */
		8C374A252C0005FB006D8596 /* Features.swift */ = {isa = PBXFileReference; lastKnownFileType = sourcecode.swift; path = Features.swift; sourceTree = "<group>"; };
		8CB26BDE2C0AAEE300596198 /* CroppedPhotosPickerCroppingStyle.swift */ = {isa = PBXFileReference; fileEncoding = 4; lastKnownFileType = sourcecode.swift; path = CroppedPhotosPickerCroppingStyle.swift; sourceTree = "<group>"; };
		8CB26BDF2C0AAEE300596198 /* CroppedPhotosPicker.swift */ = {isa = PBXFileReference; fileEncoding = 4; lastKnownFileType = sourcecode.swift; path = CroppedPhotosPicker.swift; sourceTree = "<group>"; };
		8CB26BE02C0AAEE300596198 /* PhotosPickerItem+.swift */ = {isa = PBXFileReference; fileEncoding = 4; lastKnownFileType = sourcecode.swift; path = "PhotosPickerItem+.swift"; sourceTree = "<group>"; };
		8CB26BE12C0AAEE300596198 /* CropView.swift */ = {isa = PBXFileReference; fileEncoding = 4; lastKnownFileType = sourcecode.swift; path = CropView.swift; sourceTree = "<group>"; };
		8CB26BE22C0AAEE300596198 /* CropViewController+.swift */ = {isa = PBXFileReference; fileEncoding = 4; lastKnownFileType = sourcecode.swift; path = "CropViewController+.swift"; sourceTree = "<group>"; };
		8CB26BE32C0AAEE300596198 /* CroppedPhotosPickerOptions.swift */ = {isa = PBXFileReference; fileEncoding = 4; lastKnownFileType = sourcecode.swift; path = CroppedPhotosPickerOptions.swift; sourceTree = "<group>"; };
		8CB292792C08312B0073A152 /* ContactsView.swift */ = {isa = PBXFileReference; lastKnownFileType = sourcecode.swift; path = ContactsView.swift; sourceTree = "<group>"; };
		8CB2927D2C0832880073A152 /* SettingsView.swift */ = {isa = PBXFileReference; lastKnownFileType = sourcecode.swift; path = SettingsView.swift; sourceTree = "<group>"; };
		8CCDFB242BFF1B5B0092DF63 /* ContactForm.swift */ = {isa = PBXFileReference; lastKnownFileType = sourcecode.swift; path = ContactForm.swift; sourceTree = "<group>"; };
		8CD8B2622BFD236D00882A4E /* RememberPeople.app */ = {isa = PBXFileReference; explicitFileType = wrapper.application; includeInIndex = 0; path = RememberPeople.app; sourceTree = BUILT_PRODUCTS_DIR; };
		8CD8B2652BFD236D00882A4E /* RememberPeopleApp.swift */ = {isa = PBXFileReference; lastKnownFileType = sourcecode.swift; path = RememberPeopleApp.swift; sourceTree = "<group>"; };
		8CD8B2672BFD236D00882A4E /* ContentView.swift */ = {isa = PBXFileReference; lastKnownFileType = sourcecode.swift; path = ContentView.swift; sourceTree = "<group>"; };
		8CD8B2692BFD237000882A4E /* Assets.xcassets */ = {isa = PBXFileReference; lastKnownFileType = folder.assetcatalog; path = Assets.xcassets; sourceTree = "<group>"; };
		8CD8B26C2BFD237000882A4E /* Preview Assets.xcassets */ = {isa = PBXFileReference; lastKnownFileType = folder.assetcatalog; path = "Preview Assets.xcassets"; sourceTree = "<group>"; };
		8CD8B2742BFD23F600882A4E /* People.xcdatamodel */ = {isa = PBXFileReference; lastKnownFileType = wrapper.xcdatamodel; path = People.xcdatamodel; sourceTree = "<group>"; };
		8CD8B2762BFD241900882A4E /* DataController.swift */ = {isa = PBXFileReference; lastKnownFileType = sourcecode.swift; path = DataController.swift; sourceTree = "<group>"; };
/* End PBXFileReference section */

/* Begin PBXFrameworksBuildPhase section */
		8CD8B25F2BFD236D00882A4E /* Frameworks */ = {
			isa = PBXFrameworksBuildPhase;
			buildActionMask = 2147483647;
			files = (
				8CB26BDD2C0AAE0A00596198 /* TOCropViewController in Frameworks */,
				8CB26BDB2C0AAE0A00596198 /* CropViewController in Frameworks */,
			);
			runOnlyForDeploymentPostprocessing = 0;
		};
/* End PBXFrameworksBuildPhase section */

/* Begin PBXGroup section */
		8CD8B2592BFD236D00882A4E = {
			isa = PBXGroup;
			children = (
				8CD8B2642BFD236D00882A4E /* RememberPeople */,
				8CD8B2632BFD236D00882A4E /* Products */,
			);
			sourceTree = "<group>";
		};
		8CD8B2632BFD236D00882A4E /* Products */ = {
			isa = PBXGroup;
			children = (
				8CD8B2622BFD236D00882A4E /* RememberPeople.app */,
			);
			name = Products;
			sourceTree = "<group>";
		};
		8CD8B2642BFD236D00882A4E /* RememberPeople */ = {
			isa = PBXGroup;
			children = (
				8CD8B2732BFD23F600882A4E /* People.xcdatamodeld */,
				8C374A252C0005FB006D8596 /* Features.swift */,
				8CD8B2762BFD241900882A4E /* DataController.swift */,
				8CD8B2652BFD236D00882A4E /* RememberPeopleApp.swift */,
				8CD8B2672BFD236D00882A4E /* ContentView.swift */,
				8CB2927D2C0832880073A152 /* SettingsView.swift */,
				8CB292792C08312B0073A152 /* ContactsView.swift */,
				8CCDFB242BFF1B5B0092DF63 /* ContactForm.swift */,
				8CB26BDF2C0AAEE300596198 /* CroppedPhotosPicker.swift */,
				8CB26BDE2C0AAEE300596198 /* CroppedPhotosPickerCroppingStyle.swift */,
				8CB26BE32C0AAEE300596198 /* CroppedPhotosPickerOptions.swift */,
				8CB26BE12C0AAEE300596198 /* CropView.swift */,
				8CB26BE22C0AAEE300596198 /* CropViewController+.swift */,
				8CB26BE02C0AAEE300596198 /* PhotosPickerItem+.swift */,
				8CD8B2692BFD237000882A4E /* Assets.xcassets */,
				8CD8B26B2BFD237000882A4E /* Preview Content */,
			);
			path = RememberPeople;
			sourceTree = "<group>";
		};
		8CD8B26B2BFD237000882A4E /* Preview Content */ = {
			isa = PBXGroup;
			children = (
				8CD8B26C2BFD237000882A4E /* Preview Assets.xcassets */,
			);
			path = "Preview Content";
			sourceTree = "<group>";
		};
/* End PBXGroup section */

/* Begin PBXNativeTarget section */
		8CD8B2612BFD236D00882A4E /* RememberPeople */ = {
			isa = PBXNativeTarget;
			buildConfigurationList = 8CD8B2702BFD237000882A4E /* Build configuration list for PBXNativeTarget "RememberPeople" */;
			buildPhases = (
				8CD8B25E2BFD236D00882A4E /* Sources */,
				8CD8B25F2BFD236D00882A4E /* Frameworks */,
				8CD8B2602BFD236D00882A4E /* Resources */,
			);
			buildRules = (
			);
			dependencies = (
			);
			name = RememberPeople;
			packageProductDependencies = (
				8CB26BDA2C0AAE0A00596198 /* CropViewController */,
				8CB26BDC2C0AAE0A00596198 /* TOCropViewController */,
			);
			productName = RememberPeople;
			productReference = 8CD8B2622BFD236D00882A4E /* RememberPeople.app */;
			productType = "com.apple.product-type.application";
		};
/* End PBXNativeTarget section */

/* Begin PBXProject section */
		8CD8B25A2BFD236D00882A4E /* Project object */ = {
			isa = PBXProject;
			attributes = {
				BuildIndependentTargetsInParallel = 1;
				LastSwiftUpdateCheck = 1540;
				LastUpgradeCheck = 1540;
				TargetAttributes = {
					8CD8B2612BFD236D00882A4E = {
						CreatedOnToolsVersion = 15.4;
					};
				};
			};
			buildConfigurationList = 8CD8B25D2BFD236D00882A4E /* Build configuration list for PBXProject "RememberPeople" */;
			compatibilityVersion = "Xcode 14.0";
			developmentRegion = en;
			hasScannedForEncodings = 0;
			knownRegions = (
				en,
				Base,
			);
			mainGroup = 8CD8B2592BFD236D00882A4E;
			packageReferences = (
				8CB26BD92C0AAE0A00596198 /* XCRemoteSwiftPackageReference "TOCropViewController" */,
			);
			productRefGroup = 8CD8B2632BFD236D00882A4E /* Products */;
			projectDirPath = "";
			projectRoot = "";
			targets = (
				8CD8B2612BFD236D00882A4E /* RememberPeople */,
			);
		};
/* End PBXProject section */

/* Begin PBXResourcesBuildPhase section */
		8CD8B2602BFD236D00882A4E /* Resources */ = {
			isa = PBXResourcesBuildPhase;
			buildActionMask = 2147483647;
			files = (
				8CD8B26D2BFD237000882A4E /* Preview Assets.xcassets in Resources */,
				8CD8B26A2BFD237000882A4E /* Assets.xcassets in Resources */,
			);
			runOnlyForDeploymentPostprocessing = 0;
		};
/* End PBXResourcesBuildPhase section */

/* Begin PBXSourcesBuildPhase section */
		8CD8B25E2BFD236D00882A4E /* Sources */ = {
			isa = PBXSourcesBuildPhase;
			buildActionMask = 2147483647;
			files = (
				8C374A262C0005FB006D8596 /* Features.swift in Sources */,
				8CB26BE82C0AAEE300596198 /* CropViewController+.swift in Sources */,
				8CB2927E2C0832880073A152 /* SettingsView.swift in Sources */,
				8CB26BE42C0AAEE300596198 /* CroppedPhotosPickerCroppingStyle.swift in Sources */,
				8CD8B2682BFD236D00882A4E /* ContentView.swift in Sources */,
				8CCDFB252BFF1B5B0092DF63 /* ContactForm.swift in Sources */,
				8CB26BE92C0AAEE300596198 /* CroppedPhotosPickerOptions.swift in Sources */,
				8CD8B2772BFD241900882A4E /* DataController.swift in Sources */,
				8CD8B2752BFD23F600882A4E /* People.xcdatamodeld in Sources */,
				8CD8B2662BFD236D00882A4E /* RememberPeopleApp.swift in Sources */,
				8CB26BE72C0AAEE300596198 /* CropView.swift in Sources */,
				8CB26BE62C0AAEE300596198 /* PhotosPickerItem+.swift in Sources */,
				8CB26BE52C0AAEE300596198 /* CroppedPhotosPicker.swift in Sources */,
				8CB2927A2C08312B0073A152 /* ContactsView.swift in Sources */,
			);
			runOnlyForDeploymentPostprocessing = 0;
		};
/* End PBXSourcesBuildPhase section */

/* Begin XCBuildConfiguration section */
		8CD8B26E2BFD237000882A4E /* Debug */ = {
			isa = XCBuildConfiguration;
			buildSettings = {
				ALWAYS_SEARCH_USER_PATHS = NO;
				ASSETCATALOG_COMPILER_GENERATE_SWIFT_ASSET_SYMBOL_EXTENSIONS = YES;
				CLANG_ANALYZER_NONNULL = YES;
				CLANG_ANALYZER_NUMBER_OBJECT_CONVERSION = YES_AGGRESSIVE;
				CLANG_CXX_LANGUAGE_STANDARD = "gnu++20";
				CLANG_ENABLE_MODULES = YES;
				CLANG_ENABLE_OBJC_ARC = YES;
				CLANG_ENABLE_OBJC_WEAK = YES;
				CLANG_WARN_BLOCK_CAPTURE_AUTORELEASING = YES;
				CLANG_WARN_BOOL_CONVERSION = YES;
				CLANG_WARN_COMMA = YES;
				CLANG_WARN_CONSTANT_CONVERSION = YES;
				CLANG_WARN_DEPRECATED_OBJC_IMPLEMENTATIONS = YES;
				CLANG_WARN_DIRECT_OBJC_ISA_USAGE = YES_ERROR;
				CLANG_WARN_DOCUMENTATION_COMMENTS = YES;
				CLANG_WARN_EMPTY_BODY = YES;
				CLANG_WARN_ENUM_CONVERSION = YES;
				CLANG_WARN_INFINITE_RECURSION = YES;
				CLANG_WARN_INT_CONVERSION = YES;
				CLANG_WARN_NON_LITERAL_NULL_CONVERSION = YES;
				CLANG_WARN_OBJC_IMPLICIT_RETAIN_SELF = YES;
				CLANG_WARN_OBJC_LITERAL_CONVERSION = YES;
				CLANG_WARN_OBJC_ROOT_CLASS = YES_ERROR;
				CLANG_WARN_QUOTED_INCLUDE_IN_FRAMEWORK_HEADER = YES;
				CLANG_WARN_RANGE_LOOP_ANALYSIS = YES;
				CLANG_WARN_STRICT_PROTOTYPES = YES;
				CLANG_WARN_SUSPICIOUS_MOVE = YES;
				CLANG_WARN_UNGUARDED_AVAILABILITY = YES_AGGRESSIVE;
				CLANG_WARN_UNREACHABLE_CODE = YES;
				CLANG_WARN__DUPLICATE_METHOD_MATCH = YES;
				COPY_PHASE_STRIP = NO;
				DEBUG_INFORMATION_FORMAT = dwarf;
				ENABLE_STRICT_OBJC_MSGSEND = YES;
				ENABLE_TESTABILITY = YES;
				ENABLE_USER_SCRIPT_SANDBOXING = YES;
				GCC_C_LANGUAGE_STANDARD = gnu17;
				GCC_DYNAMIC_NO_PIC = NO;
				GCC_NO_COMMON_BLOCKS = YES;
				GCC_OPTIMIZATION_LEVEL = 0;
				GCC_PREPROCESSOR_DEFINITIONS = (
					"DEBUG=1",
					"$(inherited)",
				);
				GCC_WARN_64_TO_32_BIT_CONVERSION = YES;
				GCC_WARN_ABOUT_RETURN_TYPE = YES_ERROR;
				GCC_WARN_UNDECLARED_SELECTOR = YES;
				GCC_WARN_UNINITIALIZED_AUTOS = YES_AGGRESSIVE;
				GCC_WARN_UNUSED_FUNCTION = YES;
				GCC_WARN_UNUSED_VARIABLE = YES;
				IPHONEOS_DEPLOYMENT_TARGET = 17.5;
				LOCALIZATION_PREFERS_STRING_CATALOGS = YES;
				MTL_ENABLE_DEBUG_INFO = INCLUDE_SOURCE;
				MTL_FAST_MATH = YES;
				ONLY_ACTIVE_ARCH = YES;
				SDKROOT = iphoneos;
				SWIFT_ACTIVE_COMPILATION_CONDITIONS = "DEBUG $(inherited)";
				SWIFT_OPTIMIZATION_LEVEL = "-Onone";
			};
			name = Debug;
		};
		8CD8B26F2BFD237000882A4E /* Release */ = {
			isa = XCBuildConfiguration;
			buildSettings = {
				ALWAYS_SEARCH_USER_PATHS = NO;
				ASSETCATALOG_COMPILER_GENERATE_SWIFT_ASSET_SYMBOL_EXTENSIONS = YES;
				CLANG_ANALYZER_NONNULL = YES;
				CLANG_ANALYZER_NUMBER_OBJECT_CONVERSION = YES_AGGRESSIVE;
				CLANG_CXX_LANGUAGE_STANDARD = "gnu++20";
				CLANG_ENABLE_MODULES = YES;
				CLANG_ENABLE_OBJC_ARC = YES;
				CLANG_ENABLE_OBJC_WEAK = YES;
				CLANG_WARN_BLOCK_CAPTURE_AUTORELEASING = YES;
				CLANG_WARN_BOOL_CONVERSION = YES;
				CLANG_WARN_COMMA = YES;
				CLANG_WARN_CONSTANT_CONVERSION = YES;
				CLANG_WARN_DEPRECATED_OBJC_IMPLEMENTATIONS = YES;
				CLANG_WARN_DIRECT_OBJC_ISA_USAGE = YES_ERROR;
				CLANG_WARN_DOCUMENTATION_COMMENTS = YES;
				CLANG_WARN_EMPTY_BODY = YES;
				CLANG_WARN_ENUM_CONVERSION = YES;
				CLANG_WARN_INFINITE_RECURSION = YES;
				CLANG_WARN_INT_CONVERSION = YES;
				CLANG_WARN_NON_LITERAL_NULL_CONVERSION = YES;
				CLANG_WARN_OBJC_IMPLICIT_RETAIN_SELF = YES;
				CLANG_WARN_OBJC_LITERAL_CONVERSION = YES;
				CLANG_WARN_OBJC_ROOT_CLASS = YES_ERROR;
				CLANG_WARN_QUOTED_INCLUDE_IN_FRAMEWORK_HEADER = YES;
				CLANG_WARN_RANGE_LOOP_ANALYSIS = YES;
				CLANG_WARN_STRICT_PROTOTYPES = YES;
				CLANG_WARN_SUSPICIOUS_MOVE = YES;
				CLANG_WARN_UNGUARDED_AVAILABILITY = YES_AGGRESSIVE;
				CLANG_WARN_UNREACHABLE_CODE = YES;
				CLANG_WARN__DUPLICATE_METHOD_MATCH = YES;
				COPY_PHASE_STRIP = NO;
				DEBUG_INFORMATION_FORMAT = "dwarf-with-dsym";
				ENABLE_NS_ASSERTIONS = NO;
				ENABLE_STRICT_OBJC_MSGSEND = YES;
				ENABLE_USER_SCRIPT_SANDBOXING = YES;
				GCC_C_LANGUAGE_STANDARD = gnu17;
				GCC_NO_COMMON_BLOCKS = YES;
				GCC_WARN_64_TO_32_BIT_CONVERSION = YES;
				GCC_WARN_ABOUT_RETURN_TYPE = YES_ERROR;
				GCC_WARN_UNDECLARED_SELECTOR = YES;
				GCC_WARN_UNINITIALIZED_AUTOS = YES_AGGRESSIVE;
				GCC_WARN_UNUSED_FUNCTION = YES;
				GCC_WARN_UNUSED_VARIABLE = YES;
				IPHONEOS_DEPLOYMENT_TARGET = 17.5;
				LOCALIZATION_PREFERS_STRING_CATALOGS = YES;
				MTL_ENABLE_DEBUG_INFO = NO;
				MTL_FAST_MATH = YES;
				SDKROOT = iphoneos;
				SWIFT_COMPILATION_MODE = wholemodule;
				VALIDATE_PRODUCT = YES;
			};
			name = Release;
		};
		8CD8B2712BFD237000882A4E /* Debug */ = {
			isa = XCBuildConfiguration;
			buildSettings = {
				ASSETCATALOG_COMPILER_APPICON_NAME = AppIcon;
				ASSETCATALOG_COMPILER_GLOBAL_ACCENT_COLOR_NAME = AccentColor;
				CODE_SIGN_STYLE = Automatic;
				CURRENT_PROJECT_VERSION = 1;
				DEVELOPMENT_ASSET_PATHS = "\"RememberPeople/Preview Content\"";
				DEVELOPMENT_TEAM = 8PKHC34MY2;
				ENABLE_PREVIEWS = YES;
				GENERATE_INFOPLIST_FILE = YES;
				INFOPLIST_KEY_UIApplicationSceneManifest_Generation = YES;
				INFOPLIST_KEY_UIApplicationSupportsIndirectInputEvents = YES;
				INFOPLIST_KEY_UILaunchScreen_Generation = YES;
				INFOPLIST_KEY_UISupportedInterfaceOrientations_iPad = "UIInterfaceOrientationPortrait UIInterfaceOrientationPortraitUpsideDown UIInterfaceOrientationLandscapeLeft UIInterfaceOrientationLandscapeRight";
				INFOPLIST_KEY_UISupportedInterfaceOrientations_iPhone = "UIInterfaceOrientationPortrait UIInterfaceOrientationLandscapeLeft UIInterfaceOrientationLandscapeRight";
				IPHONEOS_DEPLOYMENT_TARGET = 17.0;
				LD_RUNPATH_SEARCH_PATHS = (
					"$(inherited)",
					"@executable_path/Frameworks",
				);
				MARKETING_VERSION = 1.0;
				PRODUCT_BUNDLE_IDENTIFIER = com.ricardo.RememberPeople;
				PRODUCT_NAME = "$(TARGET_NAME)";
				SWIFT_EMIT_LOC_STRINGS = YES;
				SWIFT_VERSION = 5.0;
				TARGETED_DEVICE_FAMILY = "1,2";
			};
			name = Debug;
		};
		8CD8B2722BFD237000882A4E /* Release */ = {
			isa = XCBuildConfiguration;
			buildSettings = {
				ASSETCATALOG_COMPILER_APPICON_NAME = AppIcon;
				ASSETCATALOG_COMPILER_GLOBAL_ACCENT_COLOR_NAME = AccentColor;
				CODE_SIGN_STYLE = Automatic;
				CURRENT_PROJECT_VERSION = 1;
				DEVELOPMENT_ASSET_PATHS = "\"RememberPeople/Preview Content\"";
				DEVELOPMENT_TEAM = 8PKHC34MY2;
				ENABLE_PREVIEWS = YES;
				GENERATE_INFOPLIST_FILE = YES;
				INFOPLIST_KEY_UIApplicationSceneManifest_Generation = YES;
				INFOPLIST_KEY_UIApplicationSupportsIndirectInputEvents = YES;
				INFOPLIST_KEY_UILaunchScreen_Generation = YES;
				INFOPLIST_KEY_UISupportedInterfaceOrientations_iPad = "UIInterfaceOrientationPortrait UIInterfaceOrientationPortraitUpsideDown UIInterfaceOrientationLandscapeLeft UIInterfaceOrientationLandscapeRight";
				INFOPLIST_KEY_UISupportedInterfaceOrientations_iPhone = "UIInterfaceOrientationPortrait UIInterfaceOrientationLandscapeLeft UIInterfaceOrientationLandscapeRight";
				IPHONEOS_DEPLOYMENT_TARGET = 17.0;
				LD_RUNPATH_SEARCH_PATHS = (
					"$(inherited)",
					"@executable_path/Frameworks",
				);
				MARKETING_VERSION = 1.0;
				PRODUCT_BUNDLE_IDENTIFIER = com.ricardo.RememberPeople;
				PRODUCT_NAME = "$(TARGET_NAME)";
				SWIFT_EMIT_LOC_STRINGS = YES;
				SWIFT_VERSION = 5.0;
				TARGETED_DEVICE_FAMILY = "1,2";
			};
			name = Release;
		};
/* End XCBuildConfiguration section */

/* Begin XCConfigurationList section */
		8CD8B25D2BFD236D00882A4E /* Build configuration list for PBXProject "RememberPeople" */ = {
			isa = XCConfigurationList;
			buildConfigurations = (
				8CD8B26E2BFD237000882A4E /* Debug */,
				8CD8B26F2BFD237000882A4E /* Release */,
			);
			defaultConfigurationIsVisible = 0;
			defaultConfigurationName = Release;
		};
		8CD8B2702BFD237000882A4E /* Build configuration list for PBXNativeTarget "RememberPeople" */ = {
			isa = XCConfigurationList;
			buildConfigurations = (
				8CD8B2712BFD237000882A4E /* Debug */,
				8CD8B2722BFD237000882A4E /* Release */,
			);
			defaultConfigurationIsVisible = 0;
			defaultConfigurationName = Release;
		};
/* End XCConfigurationList section */

/* Begin XCRemoteSwiftPackageReference section */
		8CB26BD92C0AAE0A00596198 /* XCRemoteSwiftPackageReference "TOCropViewController" */ = {
			isa = XCRemoteSwiftPackageReference;
			repositoryURL = "https://github.com/TimOliver/TOCropViewController.git";
			requirement = {
				kind = upToNextMajorVersion;
				minimumVersion = 2.7.4;
			};
		};
/* End XCRemoteSwiftPackageReference section */

/* Begin XCSwiftPackageProductDependency section */
		8CB26BDA2C0AAE0A00596198 /* CropViewController */ = {
			isa = XCSwiftPackageProductDependency;
			package = 8CB26BD92C0AAE0A00596198 /* XCRemoteSwiftPackageReference "TOCropViewController" */;
			productName = CropViewController;
		};
		8CB26BDC2C0AAE0A00596198 /* TOCropViewController */ = {
			isa = XCSwiftPackageProductDependency;
			package = 8CB26BD92C0AAE0A00596198 /* XCRemoteSwiftPackageReference "TOCropViewController" */;
			productName = TOCropViewController;
		};
/* End XCSwiftPackageProductDependency section */

/* Begin XCVersionGroup section */
		8CD8B2732BFD23F600882A4E /* People.xcdatamodeld */ = {
			isa = XCVersionGroup;
			children = (
				8CD8B2742BFD23F600882A4E /* People.xcdatamodel */,
			);
			currentVersion = 8CD8B2742BFD23F600882A4E /* People.xcdatamodel */;
			path = People.xcdatamodeld;
			sourceTree = "<group>";
			versionGroupType = wrapper.xcdatamodel;
		};
/* End XCVersionGroup section */
	};
	rootObject = 8CD8B25A2BFD236D00882A4E /* Project object */;
}
